<?xml version="1.0" encoding="utf-8"?>
<Project ToolsVersion="4.0" xmlns="http://schemas.microsoft.com/developer/msbuild/2003">
  <ItemGroup>
    <Filter Include="Source Files">
      <UniqueIdentifier>{4FC737F1-C7A5-4376-A066-2A32D752A2FF}</UniqueIdentifier>
      <Extensions>cpp;c;cc;cxx;def;odl;idl;hpj;bat;asm;asmx</Extensions>
    </Filter>
    <Filter Include="Header Files">
      <UniqueIdentifier>{93995380-89BD-4b04-88EB-625FBE52EBFB}</UniqueIdentifier>
      <Extensions>h;hh;hpp;hxx;hm;inl;inc;xsd</Extensions>
    </Filter>
    <Filter Include="Resource Files">
      <UniqueIdentifier>{D9D6E242-F8AF-46E4-B9FD-80ECBC20BA3E}</UniqueIdentifier>
      <Extensions>qrc;*</Extensions>
      <ParseFiles>false</ParseFiles>
    </Filter>
    <Filter Include="Form Files">
      <UniqueIdentifier>{99349809-55BA-4b9d-BF79-8FDBB0286EB3}</UniqueIdentifier>
      <Extensions>ui</Extensions>
    </Filter>
    <Filter Include="Resource Files">
      <UniqueIdentifier>{D9D6E242-F8AF-46E4-B9FD-80ECBC20BA3E}</UniqueIdentifier>
      <Extensions>qrc;*</Extensions>
      <ParseFiles>false</ParseFiles>
    </Filter>
    <Filter Include="Generated Files">
      <UniqueIdentifier>{71ED8ED8-ACB9-4CE9-BBE1-E00B30144E11}</UniqueIdentifier>
      <Extensions>moc;h;cpp</Extensions>
      <SourceControlFiles>False</SourceControlFiles>
    </Filter>
    <Filter Include="Header Files\3rd Party">
      <UniqueIdentifier>{b6bd08c7-181e-40be-8177-d19d70725020}</UniqueIdentifier>
    </Filter>
    <Filter Include="Source Files\3rd Party">
      <UniqueIdentifier>{8cf9506f-871d-4316-a211-184143a68eab}</UniqueIdentifier>
    </Filter>
    <Filter Include="Source Files\Lua Scripts">
      <UniqueIdentifier>{22f64db3-e40a-467a-8305-22a84626b5fc}</UniqueIdentifier>
    </Filter>
  </ItemGroup>
  <ItemGroup>
    <ClCompile Include="NiirdPad.cpp">
      <Filter>Source Files</Filter>
    </ClCompile>
    <ClCompile Include="Main.cpp">
      <Filter>Source Files</Filter>
    </ClCompile>
    <ClCompile Include="QSDLPanel.cpp">
      <Filter>Source Files</Filter>
    </ClCompile>
    <ClCompile Include="QNodeView.cpp">
      <Filter>Source Files</Filter>
    </ClCompile>
    <ClCompile Include="GraphicsBlocks.cpp">
      <Filter>Source Files</Filter>
    </ClCompile>
    <ClCompile Include="FontStore.cpp">
      <Filter>Source Files</Filter>
    </ClCompile>
    <ClCompile Include="QReferenceEditWindow.cpp">
      <Filter>Source Files</Filter>
    </ClCompile>
    <ClCompile Include="Node.cpp">
      <Filter>Source Files</Filter>
    </ClCompile>
    <ClCompile Include="format.cc">
      <Filter>Source Files\3rd Party</Filter>
    </ClCompile>
    <ClCompile Include="ImportWorker.cpp">
      <Filter>Source Files</Filter>
    </ClCompile>
    <ClCompile Include="SDL_FontCache.c">
      <Filter>Source Files\3rd Party</Filter>
    </ClCompile>
    <ClCompile Include="ScriptEngine.cpp">
      <Filter>Source Files</Filter>
    </ClCompile>
    <ClCompile Include="QScriptEditWindow.cpp">
      <Filter>Source Files</Filter>
    </ClCompile>
    <ClCompile Include="QTUScriptDatabase.cpp">
      <Filter>Source Files</Filter>
    </ClCompile>
    <ClCompile Include="DialogueFile.cpp">
      <Filter>Source Files</Filter>
    </ClCompile>
    <ClCompile Include="Character.cpp">
      <Filter>Source Files</Filter>
    </ClCompile>
    <ClCompile Include="RawProjectFile.cpp">
      <Filter>Source Files</Filter>
    </ClCompile>
    <ClCompile Include="Project.cpp">
      <Filter>Source Files</Filter>
    </ClCompile>
    <ClCompile Include="ReferenceDatabase.cpp">
      <Filter>Source Files</Filter>
    </ClCompile>
    <ClCompile Include="QCommentEditWindow.cpp">
      <Filter>Source Files</Filter>
    </ClCompile>
    <ClCompile Include="Camera.cpp">
      <Filter>Source Files</Filter>
    </ClCompile>
  </ItemGroup>
  <ItemGroup>
    <QtMoc Include="NiirdPad.h">
      <Filter>Header Files</Filter>
    </QtMoc>
    <QtMoc Include="QSDLPanel.h">
      <Filter>Header Files</Filter>
    </QtMoc>
    <QtMoc Include="QReferenceEditWindow.h">
      <Filter>Header Files</Filter>
    </QtMoc>
    <QtMoc Include="ImportWorker.h">
      <Filter>Header Files</Filter>
    </QtMoc>
    <QtMoc Include="QScriptEditWindow.h">
      <Filter>Header Files</Filter>
    </QtMoc>
    <QtMoc Include="QTUScriptDatabase.h">
      <Filter>Header Files</Filter>
    </QtMoc>
    <QtMoc Include="QCommentEditWindow.h">
      <Filter>Header Files</Filter>
    </QtMoc>
  </ItemGroup>
  <ItemGroup>
    <QtUic Include="NiirdPad.ui">
      <Filter>Form Files</Filter>
    </QtUic>
    <QtUic Include="QReferenceEditWindow.ui">
      <Filter>Form Files</Filter>
    </QtUic>
    <QtUic Include="QScriptEditWindow.ui">
      <Filter>Form Files</Filter>
    </QtUic>
    <QtUic Include="QTUScriptDatabase.ui">
      <Filter>Form Files</Filter>
    </QtUic>
    <QtUic Include="QCommentEditWindow.ui">
      <Filter>Form Files</Filter>
    </QtUic>
  </ItemGroup>
  <ItemGroup>
    <QtRcc Include="NiirdPad.qrc">
      <Filter>Resource Files</Filter>
    </QtRcc>
  </ItemGroup>
  <ItemGroup>
    <ClInclude Include="QNodeView.h">
      <Filter>Header Files</Filter>
    </ClInclude>
    <ClInclude Include="Node.h">
      <Filter>Header Files</Filter>
    </ClInclude>
    <ClInclude Include="GraphicsBlocks.h">
      <Filter>Header Files</Filter>
    </ClInclude>
    <ClInclude Include="FontStore.h">
      <Filter>Header Files</Filter>
    </ClInclude>
    <ClInclude Include="ReferenceDatabase.h">
      <Filter>Header Files</Filter>
    </ClInclude>
    <ClInclude Include="TUScriptLexer.h">
      <Filter>Header Files</Filter>
    </ClInclude>
    <ClInclude Include="format.h">
      <Filter>Header Files\3rd Party</Filter>
    </ClInclude>
    <ClInclude Include="core.h">
      <Filter>Header Files\3rd Party</Filter>
    </ClInclude>
    <ClInclude Include="format-inl.h">
      <Filter>Header Files\3rd Party</Filter>
    </ClInclude>
    <ClInclude Include="Project.h">
      <Filter>Header Files</Filter>
    </ClInclude>
    <ClInclude Include="SDL_FontCache.h">
      <Filter>Header Files\3rd Party</Filter>
    </ClInclude>
    <ClInclude Include="RawProjectFile.h">
      <Filter>Header Files</Filter>
    </ClInclude>
    <ClInclude Include="ScriptEngine.h">
      <Filter>Header Files</Filter>
    </ClInclude>
    <ClInclude Include="Character.h">
      <Filter>Header Files</Filter>
    </ClInclude>
    <ClInclude Include="DialogueFile.h">
      <Filter>Header Files</Filter>
    </ClInclude>
    <ClInclude Include="Camera.h">
      <Filter>Header Files</Filter>
    </ClInclude>
  </ItemGroup>
  <ItemGroup>
    <None Include="TeraurgeV2.lua">
      <Filter>Source Files\Lua Scripts</Filter>
    </None>
  </ItemGroup>
  <ItemGroup>
    <Text Include="User Docs.txt" />
  </ItemGroup>
</Project>